
Microsoft Visual Studio Solution File, Format Version 12.00
# Visual Studio Version 16
VisualStudioVersion = 16.0.29411.108
MinimumVisualStudioVersion = 10.0.40219.1
Project("{FAE04EC0-301F-11D3-BF4B-00C04F79EFBC}") = "IMobile", "IMobile\IMobile.csproj", "{B70E8DB0-F082-4436-89F8-C0FA0441411F}"
EndProject
Global
	GlobalSection(SolutionConfigurationPlatforms) = preSolution
		Debug|Any CPU = Debug|Any CPU
		Release|Any CPU = Release|Any CPU
	EndGlobalSection
	GlobalSection(ProjectConfigurationPlatforms) = postSolution
		{B70E8DB0-F082-4436-89F8-C0FA0441411F}.Debug|Any CPU.ActiveCfg = Debug|Any CPU
		{B70E8DB0-F082-4436-89F8-C0FA0441411F}.Debug|Any CPU.Build.0 = Debug|Any CPU
		{B70E8DB0-F082-4436-89F8-C0FA0441411F}.Release|Any CPU.ActiveCfg = Release|Any CPU
		{B70E8DB0-F082-4436-89F8-C0FA0441411F}.Release|Any CPU.Build.0 = Release|Any CPU
	EndGlobalSection
	GlobalSection(SolutionProperties) = preSolution
		HideSolutionNode = FALSE
	EndGlobalSection
	GlobalSection(ExtensibilityGlobals) = postSolution
		SolutionGuid = {81F2D7BC-4FD6-41C9-9790-2689B86DFE7A}
	EndGlobalSection
EndGlobal
